
Microsoft Visual Studio Solution File, Format Version 12.00
# Visual Studio Version 17
VisualStudioVersion = 17.8.34511.84
MinimumVisualStudioVersion = 10.0.40219.1
Project("{FAE04EC0-301F-11D3-BF4B-00C04F79EFBC}") = "Week 1 Lab #2", "Week 1 Lab #2.csproj", "{FDE3717C-16DD-42DB-89B4-CAF1F47149DB}"
EndProject
Global
	GlobalSection(SolutionConfigurationPlatforms) = preSolution
		Debug|Any CPU = Debug|Any CPU
		Release|Any CPU = Release|Any CPU
	EndGlobalSection
	GlobalSection(ProjectConfigurationPlatforms) = postSolution
		{FDE3717C-16DD-42DB-89B4-CAF1F47149DB}.Debug|Any CPU.ActiveCfg = Debug|Any CPU
		{FDE3717C-16DD-42DB-89B4-CAF1F47149DB}.Debug|Any CPU.Build.0 = Debug|Any CPU
		{FDE3717C-16DD-42DB-89B4-CAF1F47149DB}.Release|Any CPU.ActiveCfg = Release|Any CPU
		{FDE3717C-16DD-42DB-89B4-CAF1F47149DB}.Release|Any CPU.Build.0 = Release|Any CPU
	EndGlobalSection
	GlobalSection(SolutionProperties) = preSolution
		HideSolutionNode = FALSE
	EndGlobalSection
	GlobalSection(ExtensibilityGlobals) = postSolution
		SolutionGuid = {9EAA0BC5-3DEF-43B8-B712-07353DB6D62B}
	EndGlobalSection
EndGlobal
